// !$*UTF8*$!
{
	archiveVersion = 1;
	classes = {
	};
	objectVersion = 51;
	objects = {

/* Begin PBXBuildFile section */
		03806FBB263097F700CCA8E4 /* ImageViewController.swift in Sources */ = {isa = PBXBuildFile; fileRef = 03806FBA263097F700CCA8E4 /* ImageViewController.swift */; };
		03BCDD8326322CBD00ED24E6 /* PasswordViewController.swift in Sources */ = {isa = PBXBuildFile; fileRef = 03BCDD8226322CBD00ED24E6 /* PasswordViewController.swift */; };
		03D25E5D26279FCA003877AA /* Interface.storyboard in Resources */ = {isa = PBXBuildFile; fileRef = 03D25E5B26279FCA003877AA /* Interface.storyboard */; };
		03D25E5F26279FCD003877AA /* Assets.xcassets in Resources */ = {isa = PBXBuildFile; fileRef = 03D25E5E26279FCD003877AA /* Assets.xcassets */; };
		03D25E6626279FCD003877AA /* My_WatchOF Extension.appex in Embed App Extensions */ = {isa = PBXBuildFile; fileRef = 03D25E6526279FCD003877AA /* My_WatchOF Extension.appex */; settings = {ATTRIBUTES = (RemoveHeadersOnCopy, ); }; };
		03D25E6B26279FCD003877AA /* InterfaceController.swift in Sources */ = {isa = PBXBuildFile; fileRef = 03D25E6A26279FCD003877AA /* InterfaceController.swift */; };
		03D25E6D26279FCD003877AA /* ExtensionDelegate.swift in Sources */ = {isa = PBXBuildFile; fileRef = 03D25E6C26279FCD003877AA /* ExtensionDelegate.swift */; };
		03D25E6F26279FCD003877AA /* ComplicationController.swift in Sources */ = {isa = PBXBuildFile; fileRef = 03D25E6E26279FCD003877AA /* ComplicationController.swift */; };
		03D25E7126279FCF003877AA /* Assets.xcassets in Resources */ = {isa = PBXBuildFile; fileRef = 03D25E7026279FCF003877AA /* Assets.xcassets */; };
		03D25E7526279FCF003877AA /* My_WatchOF.app in Embed Watch Content */ = {isa = PBXBuildFile; fileRef = 03D25E5926279FCA003877AA /* My_WatchOF.app */; settings = {ATTRIBUTES = (RemoveHeadersOnCopy, ); }; };
		DCB304D18BE1EAC0C811318E /* Pods_ObjectFinder.framework in Frameworks */ = {isa = PBXBuildFile; fileRef = 6C1B91C23B6323830DC197D6 /* Pods_ObjectFinder.framework */; };
		EA1613BC261AAE6F00C628A8 /* SideMenu.swift in Sources */ = {isa = PBXBuildFile; fileRef = EA1613BB261AAE6F00C628A8 /* SideMenu.swift */; };
		EA1613BF261AAE9700C628A8 /* SettingsViewController.swift in Sources */ = {isa = PBXBuildFile; fileRef = EA1613BE261AAE9700C628A8 /* SettingsViewController.swift */; };
		EA1613C2261AAECF00C628A8 /* AboutViewController.swift in Sources */ = {isa = PBXBuildFile; fileRef = EA1613C1261AAECF00C628A8 /* AboutViewController.swift */; };
		EA542B6725E2991400EB51C7 /* AppDelegate.swift in Sources */ = {isa = PBXBuildFile; fileRef = EA542B6625E2991400EB51C7 /* AppDelegate.swift */; };
		EA542B6925E2991400EB51C7 /* SceneDelegate.swift in Sources */ = {isa = PBXBuildFile; fileRef = EA542B6825E2991400EB51C7 /* SceneDelegate.swift */; };
		EA542B6B25E2991400EB51C7 /* ViewController.swift in Sources */ = {isa = PBXBuildFile; fileRef = EA542B6A25E2991400EB51C7 /* ViewController.swift */; };
		EA542B6E25E2991400EB51C7 /* Main.storyboard in Resources */ = {isa = PBXBuildFile; fileRef = EA542B6C25E2991400EB51C7 /* Main.storyboard */; };
		EA542B7025E2991500EB51C7 /* Assets.xcassets in Resources */ = {isa = PBXBuildFile; fileRef = EA542B6F25E2991500EB51C7 /* Assets.xcassets */; };
		EA542B7325E2991500EB51C7 /* LaunchScreen.storyboard in Resources */ = {isa = PBXBuildFile; fileRef = EA542B7125E2991500EB51C7 /* LaunchScreen.storyboard */; };
		EA542B7C25E2993100EB51C7 /* SignUpViewController.swift in Sources */ = {isa = PBXBuildFile; fileRef = EA542B7B25E2993100EB51C7 /* SignUpViewController.swift */; };
		EA542B7F25E2993D00EB51C7 /* LoginViewController.swift in Sources */ = {isa = PBXBuildFile; fileRef = EA542B7E25E2993D00EB51C7 /* LoginViewController.swift */; };
		EA542B8225E2994800EB51C7 /* HomeViewController.swift in Sources */ = {isa = PBXBuildFile; fileRef = EA542B8125E2994800EB51C7 /* HomeViewController.swift */; };
		EA798B6B25E3DB9D002AF4B6 /* Constants.swift in Sources */ = {isa = PBXBuildFile; fileRef = EA798B6A25E3DB9D002AF4B6 /* Constants.swift */; };
		EAA12B1225E2A58400182937 /* Utilities.swift in Sources */ = {isa = PBXBuildFile; fileRef = EAA12B1125E2A58400182937 /* Utilities.swift */; };
		EAA12B1525E2AA0900182937 /* GoogleService-Info.plist in Resources */ = {isa = PBXBuildFile; fileRef = EAA12B1425E2AA0900182937 /* GoogleService-Info.plist */; };
/* End PBXBuildFile section */

/* Begin PBXContainerItemProxy section */
		03D25E6726279FCD003877AA /* PBXContainerItemProxy */ = {
			isa = PBXContainerItemProxy;
			containerPortal = EA542B5B25E2991400EB51C7 /* Project object */;
			proxyType = 1;
			remoteGlobalIDString = 03D25E6426279FCD003877AA;
			remoteInfo = "My_WatchOF Extension";
		};
		03D25E7326279FCF003877AA /* PBXContainerItemProxy */ = {
			isa = PBXContainerItemProxy;
			containerPortal = EA542B5B25E2991400EB51C7 /* Project object */;
			proxyType = 1;
			remoteGlobalIDString = 03D25E5826279FCA003877AA;
			remoteInfo = My_WatchOF;
		};
/* End PBXContainerItemProxy section */

/* Begin PBXCopyFilesBuildPhase section */
		03D25E7626279FCF003877AA /* Embed Watch Content */ = {
			isa = PBXCopyFilesBuildPhase;
			buildActionMask = 2147483647;
			dstPath = "$(CONTENTS_FOLDER_PATH)/Watch";
			dstSubfolderSpec = 16;
			files = (
				03D25E7526279FCF003877AA /* My_WatchOF.app in Embed Watch Content */,
			);
			name = "Embed Watch Content";
			runOnlyForDeploymentPostprocessing = 0;
		};
		03D25E7926279FCF003877AA /* Embed App Extensions */ = {
			isa = PBXCopyFilesBuildPhase;
			buildActionMask = 2147483647;
			dstPath = "";
			dstSubfolderSpec = 13;
			files = (
				03D25E6626279FCD003877AA /* My_WatchOF Extension.appex in Embed App Extensions */,
			);
			name = "Embed App Extensions";
			runOnlyForDeploymentPostprocessing = 0;
		};
/* End PBXCopyFilesBuildPhase section */

/* Begin PBXFileReference section */
		03806FBA263097F700CCA8E4 /* ImageViewController.swift */ = {isa = PBXFileReference; lastKnownFileType = sourcecode.swift; path = ImageViewController.swift; sourceTree = "<group>"; };
		03BCDD8226322CBD00ED24E6 /* PasswordViewController.swift */ = {isa = PBXFileReference; lastKnownFileType = sourcecode.swift; path = PasswordViewController.swift; sourceTree = "<group>"; };
		03D25E5926279FCA003877AA /* My_WatchOF.app */ = {isa = PBXFileReference; explicitFileType = wrapper.application; includeInIndex = 0; path = My_WatchOF.app; sourceTree = BUILT_PRODUCTS_DIR; };
		03D25E5C26279FCA003877AA /* Base */ = {isa = PBXFileReference; lastKnownFileType = file.storyboard; name = Base; path = Base.lproj/Interface.storyboard; sourceTree = "<group>"; };
		03D25E5E26279FCD003877AA /* Assets.xcassets */ = {isa = PBXFileReference; lastKnownFileType = folder.assetcatalog; path = Assets.xcassets; sourceTree = "<group>"; };
		03D25E6026279FCD003877AA /* Info.plist */ = {isa = PBXFileReference; lastKnownFileType = text.plist.xml; path = Info.plist; sourceTree = "<group>"; };
		03D25E6526279FCD003877AA /* My_WatchOF Extension.appex */ = {isa = PBXFileReference; explicitFileType = "wrapper.app-extension"; includeInIndex = 0; path = "My_WatchOF Extension.appex"; sourceTree = BUILT_PRODUCTS_DIR; };
		03D25E6A26279FCD003877AA /* InterfaceController.swift */ = {isa = PBXFileReference; lastKnownFileType = sourcecode.swift; path = InterfaceController.swift; sourceTree = "<group>"; };
		03D25E6C26279FCD003877AA /* ExtensionDelegate.swift */ = {isa = PBXFileReference; lastKnownFileType = sourcecode.swift; path = ExtensionDelegate.swift; sourceTree = "<group>"; };
		03D25E6E26279FCD003877AA /* ComplicationController.swift */ = {isa = PBXFileReference; lastKnownFileType = sourcecode.swift; path = ComplicationController.swift; sourceTree = "<group>"; };
		03D25E7026279FCF003877AA /* Assets.xcassets */ = {isa = PBXFileReference; lastKnownFileType = folder.assetcatalog; path = Assets.xcassets; sourceTree = "<group>"; };
		03D25E7226279FCF003877AA /* Info.plist */ = {isa = PBXFileReference; lastKnownFileType = text.plist.xml; path = Info.plist; sourceTree = "<group>"; };
		17F8C235FAAF354C02ABA993 /* Pods-ObjectFinder.release.xcconfig */ = {isa = PBXFileReference; includeInIndex = 1; lastKnownFileType = text.xcconfig; name = "Pods-ObjectFinder.release.xcconfig"; path = "Target Support Files/Pods-ObjectFinder/Pods-ObjectFinder.release.xcconfig"; sourceTree = "<group>"; };
		6C1B91C23B6323830DC197D6 /* Pods_ObjectFinder.framework */ = {isa = PBXFileReference; explicitFileType = wrapper.framework; includeInIndex = 0; path = Pods_ObjectFinder.framework; sourceTree = BUILT_PRODUCTS_DIR; };
		DFAF7BB96BBC3E49A867EE56 /* Pods-ObjectFinder.debug.xcconfig */ = {isa = PBXFileReference; includeInIndex = 1; lastKnownFileType = text.xcconfig; name = "Pods-ObjectFinder.debug.xcconfig"; path = "Target Support Files/Pods-ObjectFinder/Pods-ObjectFinder.debug.xcconfig"; sourceTree = "<group>"; };
		EA1613BB261AAE6F00C628A8 /* SideMenu.swift */ = {isa = PBXFileReference; lastKnownFileType = sourcecode.swift; path = SideMenu.swift; sourceTree = "<group>"; };
		EA1613BE261AAE9700C628A8 /* SettingsViewController.swift */ = {isa = PBXFileReference; lastKnownFileType = sourcecode.swift; path = SettingsViewController.swift; sourceTree = "<group>"; };
		EA1613C1261AAECF00C628A8 /* AboutViewController.swift */ = {isa = PBXFileReference; lastKnownFileType = sourcecode.swift; path = AboutViewController.swift; sourceTree = "<group>"; };
		EA542B6325E2991400EB51C7 /* ObjectFinder.app */ = {isa = PBXFileReference; explicitFileType = wrapper.application; includeInIndex = 0; path = ObjectFinder.app; sourceTree = BUILT_PRODUCTS_DIR; };
		EA542B6625E2991400EB51C7 /* AppDelegate.swift */ = {isa = PBXFileReference; lastKnownFileType = sourcecode.swift; path = AppDelegate.swift; sourceTree = "<group>"; };
		EA542B6825E2991400EB51C7 /* SceneDelegate.swift */ = {isa = PBXFileReference; lastKnownFileType = sourcecode.swift; path = SceneDelegate.swift; sourceTree = "<group>"; };
		EA542B6A25E2991400EB51C7 /* ViewController.swift */ = {isa = PBXFileReference; lastKnownFileType = sourcecode.swift; path = ViewController.swift; sourceTree = "<group>"; };
		EA542B6D25E2991400EB51C7 /* Base */ = {isa = PBXFileReference; lastKnownFileType = file.storyboard; name = Base; path = Base.lproj/Main.storyboard; sourceTree = "<group>"; };
		EA542B6F25E2991500EB51C7 /* Assets.xcassets */ = {isa = PBXFileReference; lastKnownFileType = folder.assetcatalog; path = Assets.xcassets; sourceTree = "<group>"; };
		EA542B7225E2991500EB51C7 /* Base */ = {isa = PBXFileReference; lastKnownFileType = file.storyboard; name = Base; path = Base.lproj/LaunchScreen.storyboard; sourceTree = "<group>"; };
		EA542B7425E2991500EB51C7 /* Info.plist */ = {isa = PBXFileReference; lastKnownFileType = text.plist.xml; path = Info.plist; sourceTree = "<group>"; };
		EA542B7B25E2993100EB51C7 /* SignUpViewController.swift */ = {isa = PBXFileReference; lastKnownFileType = sourcecode.swift; path = SignUpViewController.swift; sourceTree = "<group>"; };
		EA542B7E25E2993D00EB51C7 /* LoginViewController.swift */ = {isa = PBXFileReference; lastKnownFileType = sourcecode.swift; path = LoginViewController.swift; sourceTree = "<group>"; };
		EA542B8125E2994800EB51C7 /* HomeViewController.swift */ = {isa = PBXFileReference; lastKnownFileType = sourcecode.swift; path = HomeViewController.swift; sourceTree = "<group>"; };
		EA798B6A25E3DB9D002AF4B6 /* Constants.swift */ = {isa = PBXFileReference; lastKnownFileType = sourcecode.swift; path = Constants.swift; sourceTree = "<group>"; };
		EAA12B1125E2A58400182937 /* Utilities.swift */ = {isa = PBXFileReference; fileEncoding = 4; lastKnownFileType = sourcecode.swift; path = Utilities.swift; sourceTree = "<group>"; };
		EAA12B1425E2AA0900182937 /* GoogleService-Info.plist */ = {isa = PBXFileReference; fileEncoding = 4; lastKnownFileType = text.plist.xml; path = "GoogleService-Info.plist"; sourceTree = "<group>"; };
/* End PBXFileReference section */

/* Begin PBXFrameworksBuildPhase section */
		03D25E6226279FCD003877AA /* Frameworks */ = {
			isa = PBXFrameworksBuildPhase;
			buildActionMask = 2147483647;
			files = (
			);
			runOnlyForDeploymentPostprocessing = 0;
		};
		4BDAC735733F018604BE149E /* Frameworks */ = {
			isa = PBXFrameworksBuildPhase;
			buildActionMask = 2147483647;
			files = (
			);
			runOnlyForDeploymentPostprocessing = 0;
		};
		EA542B6025E2991400EB51C7 /* Frameworks */ = {
			isa = PBXFrameworksBuildPhase;
			buildActionMask = 2147483647;
			files = (
				DCB304D18BE1EAC0C811318E /* Pods_ObjectFinder.framework in Frameworks */,
			);
			runOnlyForDeploymentPostprocessing = 0;
		};
/* End PBXFrameworksBuildPhase section */

/* Begin PBXGroup section */
		03D25E5A26279FCA003877AA /* My_WatchOF */ = {
			isa = PBXGroup;
			children = (
				03D25E5B26279FCA003877AA /* Interface.storyboard */,
				03D25E5E26279FCD003877AA /* Assets.xcassets */,
				03D25E6026279FCD003877AA /* Info.plist */,
			);
			path = My_WatchOF;
			sourceTree = "<group>";
		};
		03D25E6926279FCD003877AA /* My_WatchOF Extension */ = {
			isa = PBXGroup;
			children = (
				03D25E6A26279FCD003877AA /* InterfaceController.swift */,
				03D25E6C26279FCD003877AA /* ExtensionDelegate.swift */,
				03D25E6E26279FCD003877AA /* ComplicationController.swift */,
				03D25E7026279FCF003877AA /* Assets.xcassets */,
				03D25E7226279FCF003877AA /* Info.plist */,
			);
			path = "My_WatchOF Extension";
			sourceTree = "<group>";
		};
		0FB305D247126E1E28ACC961 /* Frameworks */ = {
			isa = PBXGroup;
			children = (
				6C1B91C23B6323830DC197D6 /* Pods_ObjectFinder.framework */,
			);
			name = Frameworks;
			sourceTree = "<group>";
		};
		71957C2F5719C6EBD5A79FC1 /* Pods */ = {
			isa = PBXGroup;
			children = (
				DFAF7BB96BBC3E49A867EE56 /* Pods-ObjectFinder.debug.xcconfig */,
				17F8C235FAAF354C02ABA993 /* Pods-ObjectFinder.release.xcconfig */,
			);
			path = Pods;
			sourceTree = "<group>";
		};
		EA542B5A25E2991400EB51C7 = {
			isa = PBXGroup;
			children = (
				EA1613BB261AAE6F00C628A8 /* SideMenu.swift */,
				EA542B6525E2991400EB51C7 /* ObjectFinder */,
				03D25E5A26279FCA003877AA /* My_WatchOF */,
				03D25E6926279FCD003877AA /* My_WatchOF Extension */,
				EA542B6425E2991400EB51C7 /* Products */,
				71957C2F5719C6EBD5A79FC1 /* Pods */,
				0FB305D247126E1E28ACC961 /* Frameworks */,
			);
			sourceTree = "<group>";
		};
		EA542B6425E2991400EB51C7 /* Products */ = {
			isa = PBXGroup;
			children = (
				EA542B6325E2991400EB51C7 /* ObjectFinder.app */,
				03D25E5926279FCA003877AA /* My_WatchOF.app */,
				03D25E6526279FCD003877AA /* My_WatchOF Extension.appex */,
			);
			name = Products;
			sourceTree = "<group>";
		};
		EA542B6525E2991400EB51C7 /* ObjectFinder */ = {
			isa = PBXGroup;
			children = (
				EAA12B0C25E2A41400182937 /* Helpers */,
				EA542B8425E2994C00EB51C7 /* View Controllers */,
				EA542B6625E2991400EB51C7 /* AppDelegate.swift */,
				EA542B6825E2991400EB51C7 /* SceneDelegate.swift */,
				EA542B6C25E2991400EB51C7 /* Main.storyboard */,
				EA542B6F25E2991500EB51C7 /* Assets.xcassets */,
				EA542B7125E2991500EB51C7 /* LaunchScreen.storyboard */,
				EAA12B1425E2AA0900182937 /* GoogleService-Info.plist */,
				EA542B7425E2991500EB51C7 /* Info.plist */,
				EA1613C1261AAECF00C628A8 /* AboutViewController.swift */,
			);
			path = ObjectFinder;
			sourceTree = "<group>";
		};
		EA542B8425E2994C00EB51C7 /* View Controllers */ = {
			isa = PBXGroup;
			children = (
				EA542B6A25E2991400EB51C7 /* ViewController.swift */,
				EA542B7B25E2993100EB51C7 /* SignUpViewController.swift */,
				EA542B7E25E2993D00EB51C7 /* LoginViewController.swift */,
				EA542B8125E2994800EB51C7 /* HomeViewController.swift */,
				03BCDD8226322CBD00ED24E6 /* PasswordViewController.swift */,
				03806FBA263097F700CCA8E4 /* ImageViewController.swift */,
				EA1613BE261AAE9700C628A8 /* SettingsViewController.swift */,
			);
			path = "View Controllers";
			sourceTree = "<group>";
		};
		EAA12B0C25E2A41400182937 /* Helpers */ = {
			isa = PBXGroup;
			children = (
				EAA12B1125E2A58400182937 /* Utilities.swift */,
				EA798B6A25E3DB9D002AF4B6 /* Constants.swift */,
			);
			path = Helpers;
			sourceTree = "<group>";
		};
/* End PBXGroup section */

/* Begin PBXNativeTarget section */
		03D25E5826279FCA003877AA /* My_WatchOF */ = {
			isa = PBXNativeTarget;
			buildConfigurationList = 03D25E7D26279FCF003877AA /* Build configuration list for PBXNativeTarget "My_WatchOF" */;
			buildPhases = (
				03D25E5726279FCA003877AA /* Resources */,
				03D25E7926279FCF003877AA /* Embed App Extensions */,
				4BDAC735733F018604BE149E /* Frameworks */,
			);
			buildRules = (
			);
			dependencies = (
				03D25E6826279FCD003877AA /* PBXTargetDependency */,
			);
			name = My_WatchOF;
			productName = My_WatchOF;
			productReference = 03D25E5926279FCA003877AA /* My_WatchOF.app */;
			productType = "com.apple.product-type.application.watchapp2";
		};
		03D25E6426279FCD003877AA /* My_WatchOF Extension */ = {
			isa = PBXNativeTarget;
			buildConfigurationList = 03D25E7C26279FCF003877AA /* Build configuration list for PBXNativeTarget "My_WatchOF Extension" */;
			buildPhases = (
				03D25E6126279FCD003877AA /* Sources */,
				03D25E6226279FCD003877AA /* Frameworks */,
				03D25E6326279FCD003877AA /* Resources */,
			);
			buildRules = (
			);
			dependencies = (
			);
			name = "My_WatchOF Extension";
			productName = "My_WatchOF Extension";
			productReference = 03D25E6526279FCD003877AA /* My_WatchOF Extension.appex */;
			productType = "com.apple.product-type.watchkit2-extension";
		};
		EA542B6225E2991400EB51C7 /* ObjectFinder */ = {
			isa = PBXNativeTarget;
			buildConfigurationList = EA542B7725E2991500EB51C7 /* Build configuration list for PBXNativeTarget "ObjectFinder" */;
			buildPhases = (
				B6588B298D0552DFC9955AB7 /* [CP] Check Pods Manifest.lock */,
				EA542B5F25E2991400EB51C7 /* Sources */,
				EA542B6025E2991400EB51C7 /* Frameworks */,
				EA542B6125E2991400EB51C7 /* Resources */,
				03D25E7626279FCF003877AA /* Embed Watch Content */,
				D456729FE62CD007B556876A /* [CP] Embed Pods Frameworks */,
			);
			buildRules = (
			);
			dependencies = (
				03D25E7426279FCF003877AA /* PBXTargetDependency */,
			);
			name = ObjectFinder;
			productName = ObjectFinder;
			productReference = EA542B6325E2991400EB51C7 /* ObjectFinder.app */;
			productType = "com.apple.product-type.application";
		};
/* End PBXNativeTarget section */

/* Begin PBXProject section */
		EA542B5B25E2991400EB51C7 /* Project object */ = {
			isa = PBXProject;
			attributes = {
				LastSwiftUpdateCheck = 1240;
				LastUpgradeCheck = 1240;
				TargetAttributes = {
					03D25E5826279FCA003877AA = {
						CreatedOnToolsVersion = 12.4;
					};
					03D25E6426279FCD003877AA = {
						CreatedOnToolsVersion = 12.4;
					};
					EA542B6225E2991400EB51C7 = {
						CreatedOnToolsVersion = 12.4;
					};
				};
			};
			buildConfigurationList = EA542B5E25E2991400EB51C7 /* Build configuration list for PBXProject "ObjectFinder" */;
			compatibilityVersion = "Xcode 9.3";
			developmentRegion = en;
			hasScannedForEncodings = 0;
			knownRegions = (
				en,
				Base,
			);
			mainGroup = EA542B5A25E2991400EB51C7;
			productRefGroup = EA542B6425E2991400EB51C7 /* Products */;
			projectDirPath = "";
			projectRoot = "";
			targets = (
				EA542B6225E2991400EB51C7 /* ObjectFinder */,
				03D25E5826279FCA003877AA /* My_WatchOF */,
				03D25E6426279FCD003877AA /* My_WatchOF Extension */,
			);
		};
/* End PBXProject section */

/* Begin PBXResourcesBuildPhase section */
		03D25E5726279FCA003877AA /* Resources */ = {
			isa = PBXResourcesBuildPhase;
			buildActionMask = 2147483647;
			files = (
				03D25E5F26279FCD003877AA /* Assets.xcassets in Resources */,
				03D25E5D26279FCA003877AA /* Interface.storyboard in Resources */,
			);
			runOnlyForDeploymentPostprocessing = 0;
		};
		03D25E6326279FCD003877AA /* Resources */ = {
			isa = PBXResourcesBuildPhase;
			buildActionMask = 2147483647;
			files = (
				03D25E7126279FCF003877AA /* Assets.xcassets in Resources */,
			);
			runOnlyForDeploymentPostprocessing = 0;
		};
		EA542B6125E2991400EB51C7 /* Resources */ = {
			isa = PBXResourcesBuildPhase;
			buildActionMask = 2147483647;
			files = (
				EA542B7325E2991500EB51C7 /* LaunchScreen.storyboard in Resources */,
				EAA12B1525E2AA0900182937 /* GoogleService-Info.plist in Resources */,
				EA542B7025E2991500EB51C7 /* Assets.xcassets in Resources */,
				EA542B6E25E2991400EB51C7 /* Main.storyboard in Resources */,
			);
			runOnlyForDeploymentPostprocessing = 0;
		};
/* End PBXResourcesBuildPhase section */

/* Begin PBXShellScriptBuildPhase section */
		B6588B298D0552DFC9955AB7 /* [CP] Check Pods Manifest.lock */ = {
			isa = PBXShellScriptBuildPhase;
			buildActionMask = 2147483647;
			files = (
			);
			inputFileListPaths = (
			);
			inputPaths = (
				"${PODS_PODFILE_DIR_PATH}/Podfile.lock",
				"${PODS_ROOT}/Manifest.lock",
			);
			name = "[CP] Check Pods Manifest.lock";
			outputFileListPaths = (
			);
			outputPaths = (
				"$(DERIVED_FILE_DIR)/Pods-ObjectFinder-checkManifestLockResult.txt",
			);
			runOnlyForDeploymentPostprocessing = 0;
			shellPath = /bin/sh;
			shellScript = "diff \"${PODS_PODFILE_DIR_PATH}/Podfile.lock\" \"${PODS_ROOT}/Manifest.lock\" > /dev/null\nif [ $? != 0 ] ; then\n    # print error to STDERR\n    echo \"error: The sandbox is not in sync with the Podfile.lock. Run 'pod install' or update your CocoaPods installation.\" >&2\n    exit 1\nfi\n# This output is used by Xcode 'outputs' to avoid re-running this script phase.\necho \"SUCCESS\" > \"${SCRIPT_OUTPUT_FILE_0}\"\n";
			showEnvVarsInLog = 0;
		};
		D456729FE62CD007B556876A /* [CP] Embed Pods Frameworks */ = {
			isa = PBXShellScriptBuildPhase;
			buildActionMask = 2147483647;
			files = (
			);
			inputFileListPaths = (
				"${PODS_ROOT}/Target Support Files/Pods-ObjectFinder/Pods-ObjectFinder-frameworks-${CONFIGURATION}-input-files.xcfilelist",
			);
			name = "[CP] Embed Pods Frameworks";
			outputFileListPaths = (
				"${PODS_ROOT}/Target Support Files/Pods-ObjectFinder/Pods-ObjectFinder-frameworks-${CONFIGURATION}-output-files.xcfilelist",
			);
			runOnlyForDeploymentPostprocessing = 0;
			shellPath = /bin/sh;
			shellScript = "\"${PODS_ROOT}/Target Support Files/Pods-ObjectFinder/Pods-ObjectFinder-frameworks.sh\"\n";
			showEnvVarsInLog = 0;
		};
/* End PBXShellScriptBuildPhase section */

/* Begin PBXSourcesBuildPhase section */
		03D25E6126279FCD003877AA /* Sources */ = {
			isa = PBXSourcesBuildPhase;
			buildActionMask = 2147483647;
			files = (
				03D25E6D26279FCD003877AA /* ExtensionDelegate.swift in Sources */,
				03D25E6B26279FCD003877AA /* InterfaceController.swift in Sources */,
				03D25E6F26279FCD003877AA /* ComplicationController.swift in Sources */,
			);
			runOnlyForDeploymentPostprocessing = 0;
		};
		EA542B5F25E2991400EB51C7 /* Sources */ = {
			isa = PBXSourcesBuildPhase;
			buildActionMask = 2147483647;
			files = (
				EA542B6B25E2991400EB51C7 /* ViewController.swift in Sources */,
				EA542B6725E2991400EB51C7 /* AppDelegate.swift in Sources */,
				EA1613C2261AAECF00C628A8 /* AboutViewController.swift in Sources */,
				EAA12B1225E2A58400182937 /* Utilities.swift in Sources */,
				EA1613BF261AAE9700C628A8 /* SettingsViewController.swift in Sources */,
				EA1613BC261AAE6F00C628A8 /* SideMenu.swift in Sources */,
				03BCDD8326322CBD00ED24E6 /* PasswordViewController.swift in Sources */,
				EA542B7C25E2993100EB51C7 /* SignUpViewController.swift in Sources */,
				EA542B7F25E2993D00EB51C7 /* LoginViewController.swift in Sources */,
				EA542B6925E2991400EB51C7 /* SceneDelegate.swift in Sources */,
				EA542B8225E2994800EB51C7 /* HomeViewController.swift in Sources */,
				03806FBB263097F700CCA8E4 /* ImageViewController.swift in Sources */,
				EA798B6B25E3DB9D002AF4B6 /* Constants.swift in Sources */,
			);
			runOnlyForDeploymentPostprocessing = 0;
		};
/* End PBXSourcesBuildPhase section */

/* Begin PBXTargetDependency section */
		03D25E6826279FCD003877AA /* PBXTargetDependency */ = {
			isa = PBXTargetDependency;
			target = 03D25E6426279FCD003877AA /* My_WatchOF Extension */;
			targetProxy = 03D25E6726279FCD003877AA /* PBXContainerItemProxy */;
		};
		03D25E7426279FCF003877AA /* PBXTargetDependency */ = {
			isa = PBXTargetDependency;
			target = 03D25E5826279FCA003877AA /* My_WatchOF */;
			targetProxy = 03D25E7326279FCF003877AA /* PBXContainerItemProxy */;
		};
/* End PBXTargetDependency section */

/* Begin PBXVariantGroup section */
		03D25E5B26279FCA003877AA /* Interface.storyboard */ = {
			isa = PBXVariantGroup;
			children = (
				03D25E5C26279FCA003877AA /* Base */,
			);
			name = Interface.storyboard;
			sourceTree = "<group>";
		};
		EA542B6C25E2991400EB51C7 /* Main.storyboard */ = {
			isa = PBXVariantGroup;
			children = (
				EA542B6D25E2991400EB51C7 /* Base */,
			);
			name = Main.storyboard;
			sourceTree = "<group>";
		};
		EA542B7125E2991500EB51C7 /* LaunchScreen.storyboard */ = {
			isa = PBXVariantGroup;
			children = (
				EA542B7225E2991500EB51C7 /* Base */,
			);
			name = LaunchScreen.storyboard;
			sourceTree = "<group>";
		};
/* End PBXVariantGroup section */

/* Begin XCBuildConfiguration section */
		03D25E7726279FCF003877AA /* Debug */ = {
			isa = XCBuildConfiguration;
			buildSettings = {
				ALWAYS_EMBED_SWIFT_STANDARD_LIBRARIES = YES;
				ASSETCATALOG_COMPILER_APPICON_NAME = AppIcon;
				ASSETCATALOG_COMPILER_GLOBAL_ACCENT_COLOR_NAME = AccentColor;
				CODE_SIGN_STYLE = Automatic;
				DEVELOPMENT_TEAM = TJ74GHK36K;
				IBSC_MODULE = My_WatchOF_Extension;
				INFOPLIST_FILE = My_WatchOF/Info.plist;
				PRODUCT_BUNDLE_IDENTIFIER = Branson.ObjectFinder.watchkitapp;
				PRODUCT_NAME = "$(TARGET_NAME)";
				SDKROOT = watchos;
				SKIP_INSTALL = YES;
				SWIFT_VERSION = 5.0;
				TARGETED_DEVICE_FAMILY = 4;
				WATCHOS_DEPLOYMENT_TARGET = 7.2;
			};
			name = Debug;
		};
		03D25E7826279FCF003877AA /* Release */ = {
			isa = XCBuildConfiguration;
			buildSettings = {
				ALWAYS_EMBED_SWIFT_STANDARD_LIBRARIES = YES;
				ASSETCATALOG_COMPILER_APPICON_NAME = AppIcon;
				ASSETCATALOG_COMPILER_GLOBAL_ACCENT_COLOR_NAME = AccentColor;
				CODE_SIGN_STYLE = Automatic;
				DEVELOPMENT_TEAM = TJ74GHK36K;
				IBSC_MODULE = My_WatchOF_Extension;
				INFOPLIST_FILE = My_WatchOF/Info.plist;
				PRODUCT_BUNDLE_IDENTIFIER = Branson.ObjectFinder.watchkitapp;
				PRODUCT_NAME = "$(TARGET_NAME)";
				SDKROOT = watchos;
				SKIP_INSTALL = YES;
				SWIFT_VERSION = 5.0;
				TARGETED_DEVICE_FAMILY = 4;
				WATCHOS_DEPLOYMENT_TARGET = 7.2;
			};
			name = Release;
		};
		03D25E7A26279FCF003877AA /* Debug */ = {
			isa = XCBuildConfiguration;
			buildSettings = {
				ASSETCATALOG_COMPILER_COMPLICATION_NAME = Complication;
				CODE_SIGN_STYLE = Automatic;
				DEVELOPMENT_TEAM = TJ74GHK36K;
				INFOPLIST_FILE = "My_WatchOF Extension/Info.plist";
				LD_RUNPATH_SEARCH_PATHS = (
					"$(inherited)",
					"@executable_path/Frameworks",
					"@executable_path/../../Frameworks",
				);
				PRODUCT_BUNDLE_IDENTIFIER = Branson.ObjectFinder.watchkitapp.watchkitextension;
				PRODUCT_NAME = "${TARGET_NAME}";
				SDKROOT = watchos;
				SKIP_INSTALL = YES;
				SWIFT_VERSION = 5.0;
				TARGETED_DEVICE_FAMILY = 4;
				WATCHOS_DEPLOYMENT_TARGET = 7.2;
			};
			name = Debug;
		};
		03D25E7B26279FCF003877AA /* Release */ = {
			isa = XCBuildConfiguration;
			buildSettings = {
				ASSETCATALOG_COMPILER_COMPLICATION_NAME = Complication;
				CODE_SIGN_STYLE = Automatic;
				DEVELOPMENT_TEAM = TJ74GHK36K;
				INFOPLIST_FILE = "My_WatchOF Extension/Info.plist";
				LD_RUNPATH_SEARCH_PATHS = (
					"$(inherited)",
					"@executable_path/Frameworks",
					"@executable_path/../../Frameworks",
				);
				PRODUCT_BUNDLE_IDENTIFIER = Branson.ObjectFinder.watchkitapp.watchkitextension;
				PRODUCT_NAME = "${TARGET_NAME}";
				SDKROOT = watchos;
				SKIP_INSTALL = YES;
				SWIFT_VERSION = 5.0;
				TARGETED_DEVICE_FAMILY = 4;
				WATCHOS_DEPLOYMENT_TARGET = 7.2;
			};
			name = Release;
		};
		EA542B7525E2991500EB51C7 /* Debug */ = {
			isa = XCBuildConfiguration;
			buildSettings = {
				ALWAYS_SEARCH_USER_PATHS = NO;
				CLANG_ANALYZER_NONNULL = YES;
				CLANG_ANALYZER_NUMBER_OBJECT_CONVERSION = YES_AGGRESSIVE;
				CLANG_CXX_LANGUAGE_STANDARD = "gnu++14";
				CLANG_CXX_LIBRARY = "libc++";
				CLANG_ENABLE_MODULES = YES;
				CLANG_ENABLE_OBJC_ARC = YES;
				CLANG_ENABLE_OBJC_WEAK = YES;
				CLANG_WARN_BLOCK_CAPTURE_AUTORELEASING = YES;
				CLANG_WARN_BOOL_CONVERSION = YES;
				CLANG_WARN_COMMA = YES;
				CLANG_WARN_CONSTANT_CONVERSION = YES;
				CLANG_WARN_DEPRECATED_OBJC_IMPLEMENTATIONS = YES;
				CLANG_WARN_DIRECT_OBJC_ISA_USAGE = YES_ERROR;
				CLANG_WARN_DOCUMENTATION_COMMENTS = YES;
				CLANG_WARN_EMPTY_BODY = YES;
				CLANG_WARN_ENUM_CONVERSION = YES;
				CLANG_WARN_INFINITE_RECURSION = YES;
				CLANG_WARN_INT_CONVERSION = YES;
				CLANG_WARN_NON_LITERAL_NULL_CONVERSION = YES;
				CLANG_WARN_OBJC_IMPLICIT_RETAIN_SELF = YES;
				CLANG_WARN_OBJC_LITERAL_CONVERSION = YES;
				CLANG_WARN_OBJC_ROOT_CLASS = YES_ERROR;
				CLANG_WARN_QUOTED_INCLUDE_IN_FRAMEWORK_HEADER = YES;
				CLANG_WARN_RANGE_LOOP_ANALYSIS = YES;
				CLANG_WARN_STRICT_PROTOTYPES = YES;
				CLANG_WARN_SUSPICIOUS_MOVE = YES;
				CLANG_WARN_UNGUARDED_AVAILABILITY = YES_AGGRESSIVE;
				CLANG_WARN_UNREACHABLE_CODE = YES;
				CLANG_WARN__DUPLICATE_METHOD_MATCH = YES;
				COPY_PHASE_STRIP = NO;
				DEBUG_INFORMATION_FORMAT = dwarf;
				ENABLE_STRICT_OBJC_MSGSEND = YES;
				ENABLE_TESTABILITY = YES;
				GCC_C_LANGUAGE_STANDARD = gnu11;
				GCC_DYNAMIC_NO_PIC = NO;
				GCC_NO_COMMON_BLOCKS = YES;
				GCC_OPTIMIZATION_LEVEL = 0;
				GCC_PREPROCESSOR_DEFINITIONS = (
					"DEBUG=1",
					"$(inherited)",
				);
				GCC_WARN_64_TO_32_BIT_CONVERSION = YES;
				GCC_WARN_ABOUT_RETURN_TYPE = YES_ERROR;
				GCC_WARN_UNDECLARED_SELECTOR = YES;
				GCC_WARN_UNINITIALIZED_AUTOS = YES_AGGRESSIVE;
				GCC_WARN_UNUSED_FUNCTION = YES;
				GCC_WARN_UNUSED_VARIABLE = YES;
				IPHONEOS_DEPLOYMENT_TARGET = 14.4;
				MTL_ENABLE_DEBUG_INFO = INCLUDE_SOURCE;
				MTL_FAST_MATH = YES;
				ONLY_ACTIVE_ARCH = YES;
				SDKROOT = iphoneos;
				SWIFT_ACTIVE_COMPILATION_CONDITIONS = DEBUG;
				SWIFT_OPTIMIZATION_LEVEL = "-Onone";
			};
			name = Debug;
		};
		EA542B7625E2991500EB51C7 /* Release */ = {
			isa = XCBuildConfiguration;
			buildSettings = {
				ALWAYS_SEARCH_USER_PATHS = NO;
				CLANG_ANALYZER_NONNULL = YES;
				CLANG_ANALYZER_NUMBER_OBJECT_CONVERSION = YES_AGGRESSIVE;
				CLANG_CXX_LANGUAGE_STANDARD = "gnu++14";
				CLANG_CXX_LIBRARY = "libc++";
				CLANG_ENABLE_MODULES = YES;
				CLANG_ENABLE_OBJC_ARC = YES;
				CLANG_ENABLE_OBJC_WEAK = YES;
				CLANG_WARN_BLOCK_CAPTURE_AUTORELEASING = YES;
				CLANG_WARN_BOOL_CONVERSION = YES;
				CLANG_WARN_COMMA = YES;
				CLANG_WARN_CONSTANT_CONVERSION = YES;
				CLANG_WARN_DEPRECATED_OBJC_IMPLEMENTATIONS = YES;
				CLANG_WARN_DIRECT_OBJC_ISA_USAGE = YES_ERROR;
				CLANG_WARN_DOCUMENTATION_COMMENTS = YES;
				CLANG_WARN_EMPTY_BODY = YES;
				CLANG_WARN_ENUM_CONVERSION = YES;
				CLANG_WARN_INFINITE_RECURSION = YES;
				CLANG_WARN_INT_CONVERSION = YES;
				CLANG_WARN_NON_LITERAL_NULL_CONVERSION = YES;
				CLANG_WARN_OBJC_IMPLICIT_RETAIN_SELF = YES;
				CLANG_WARN_OBJC_LITERAL_CONVERSION = YES;
				CLANG_WARN_OBJC_ROOT_CLASS = YES_ERROR;
				CLANG_WARN_QUOTED_INCLUDE_IN_FRAMEWORK_HEADER = YES;
				CLANG_WARN_RANGE_LOOP_ANALYSIS = YES;
				CLANG_WARN_STRICT_PROTOTYPES = YES;
				CLANG_WARN_SUSPICIOUS_MOVE = YES;
				CLANG_WARN_UNGUARDED_AVAILABILITY = YES_AGGRESSIVE;
				CLANG_WARN_UNREACHABLE_CODE = YES;
				CLANG_WARN__DUPLICATE_METHOD_MATCH = YES;
				COPY_PHASE_STRIP = NO;
				DEBUG_INFORMATION_FORMAT = "dwarf-with-dsym";
				ENABLE_NS_ASSERTIONS = NO;
				ENABLE_STRICT_OBJC_MSGSEND = YES;
				GCC_C_LANGUAGE_STANDARD = gnu11;
				GCC_NO_COMMON_BLOCKS = YES;
				GCC_WARN_64_TO_32_BIT_CONVERSION = YES;
				GCC_WARN_ABOUT_RETURN_TYPE = YES_ERROR;
				GCC_WARN_UNDECLARED_SELECTOR = YES;
				GCC_WARN_UNINITIALIZED_AUTOS = YES_AGGRESSIVE;
				GCC_WARN_UNUSED_FUNCTION = YES;
				GCC_WARN_UNUSED_VARIABLE = YES;
				IPHONEOS_DEPLOYMENT_TARGET = 14.4;
				MTL_ENABLE_DEBUG_INFO = NO;
				MTL_FAST_MATH = YES;
				SDKROOT = iphoneos;
				SWIFT_COMPILATION_MODE = wholemodule;
				SWIFT_OPTIMIZATION_LEVEL = "-O";
				VALIDATE_PRODUCT = YES;
			};
			name = Release;
		};
		EA542B7825E2991500EB51C7 /* Debug */ = {
			isa = XCBuildConfiguration;
			baseConfigurationReference = DFAF7BB96BBC3E49A867EE56 /* Pods-ObjectFinder.debug.xcconfig */;
			buildSettings = {
				ASSETCATALOG_COMPILER_APPICON_NAME = AppIcon;
				ASSETCATALOG_COMPILER_GLOBAL_ACCENT_COLOR_NAME = AccentColor;
				CODE_SIGN_STYLE = Automatic;
				DEVELOPMENT_TEAM = TJ74GHK36K;
				"EXCLUDED_ARCHS[sdk=iphonesimulator*]" = arm64;
				INFOPLIST_FILE = ObjectFinder/Info.plist;
				LD_RUNPATH_SEARCH_PATHS = (
					"$(inherited)",
					"@executable_path/Frameworks",
				);
				PRODUCT_BUNDLE_IDENTIFIER = Branson.ObjectFinder;
				PRODUCT_NAME = "$(TARGET_NAME)";
				SWIFT_VERSION = 5.0;
				TARGETED_DEVICE_FAMILY = "1,2";
			};
			name = Debug;
		};
		EA542B7925E2991500EB51C7 /* Release */ = {
			isa = XCBuildConfiguration;
			baseConfigurationReference = 17F8C235FAAF354C02ABA993 /* Pods-ObjectFinder.release.xcconfig */;
			buildSettings = {
				ASSETCATALOG_COMPILER_APPICON_NAME = AppIcon;
				ASSETCATALOG_COMPILER_GLOBAL_ACCENT_COLOR_NAME = AccentColor;
				CODE_SIGN_STYLE = Automatic;
				DEVELOPMENT_TEAM = TJ74GHK36K;
				"EXCLUDED_ARCHS[sdk=iphonesimulator*]" = arm64;
				INFOPLIST_FILE = ObjectFinder/Info.plist;
				LD_RUNPATH_SEARCH_PATHS = (
					"$(inherited)",
					"@executable_path/Frameworks",
				);
				ONLY_ACTIVE_ARCH = YES;
				PRODUCT_BUNDLE_IDENTIFIER = Branson.ObjectFinder;
				PRODUCT_NAME = "$(TARGET_NAME)";
				SWIFT_VERSION = 5.0;
				TARGETED_DEVICE_FAMILY = "1,2";
			};
			name = Release;
		};
/* End XCBuildConfiguration section */

/* Begin XCConfigurationList section */
		03D25E7C26279FCF003877AA /* Build configuration list for PBXNativeTarget "My_WatchOF Extension" */ = {
			isa = XCConfigurationList;
			buildConfigurations = (
				03D25E7A26279FCF003877AA /* Debug */,
				03D25E7B26279FCF003877AA /* Release */,
			);
			defaultConfigurationIsVisible = 0;
			defaultConfigurationName = Release;
		};
		03D25E7D26279FCF003877AA /* Build configuration list for PBXNativeTarget "My_WatchOF" */ = {
			isa = XCConfigurationList;
			buildConfigurations = (
				03D25E7726279FCF003877AA /* Debug */,
				03D25E7826279FCF003877AA /* Release */,
			);
			defaultConfigurationIsVisible = 0;
			defaultConfigurationName = Release;
		};
		EA542B5E25E2991400EB51C7 /* Build configuration list for PBXProject "ObjectFinder" */ = {
			isa = XCConfigurationList;
			buildConfigurations = (
				EA542B7525E2991500EB51C7 /* Debug */,
				EA542B7625E2991500EB51C7 /* Release */,
			);
			defaultConfigurationIsVisible = 0;
			defaultConfigurationName = Release;
		};
		EA542B7725E2991500EB51C7 /* Build configuration list for PBXNativeTarget "ObjectFinder" */ = {
			isa = XCConfigurationList;
			buildConfigurations = (
				EA542B7825E2991500EB51C7 /* Debug */,
				EA542B7925E2991500EB51C7 /* Release */,
			);
			defaultConfigurationIsVisible = 0;
			defaultConfigurationName = Release;
		};
/* End XCConfigurationList section */
	};
	rootObject = EA542B5B25E2991400EB51C7 /* Project object */;
}
